<Solution>
  <Project Path="NationalParkServiceAPI/NationalParkServiceAPI.csproj" />
  <Project Path="NationalParkServiceAPI/NationalParkServiceAPI.Tests/NationalParkServiceAPI.Tests.csproj" />
  <Project Path="NationalParkServiceReact/NationalParkServiceReact.esproj">
    <Build />
    <Deploy />
  </Project>
</Solution>
